# This file is automatically @generated by Cargo.
# It is not intended for manual editing.
version = 3

[[package]]
name = "p11562"
version = "0.1.0"

[[package]]
name = "p11660"
version = "0.1.0"

[[package]]
name = "p1259"
version = "0.1.0"

[[package]]
name = "p14284"
version = "0.1.0"

[[package]]
name = "p14889"
version = "0.1.0"

[[package]]
name = "p14940"
version = "0.1.0"

[[package]]
name = "p15649"
version = "0.1.0"

[[package]]
name = "p17626"
version = "0.1.0"

[[package]]
name = "p2040"
version = "0.1.0"

[[package]]
name = "p21736"
version = "0.1.0"

[[package]]
name = "p25682"
version = "0.1.0"

[[package]]
name = "p2630"
version = "0.1.0"

[[package]]
name = "p4153"
version = "0.1.0"

[[package]]
name = "p5525"
version = "0.1.0"

[[package]]
name = "p9655"
version = "0.1.0"
